
Microsoft Visual Studio Solution File, Format Version 12.00
# Visual Studio Version 16
VisualStudioVersion = 16.0.31410.357
MinimumVisualStudioVersion = 10.0.40219.1
Project("{FAE04EC0-301F-11D3-BF4B-00C04F79EFBC}") = "NextApp", "NextApp\NextApp\NextApp.csproj", "{88F2A2D2-A255-4A8F-BE4E-9ED6D1F47F0F}"
EndProject
Project("{FAE04EC0-301F-11D3-BF4B-00C04F79EFBC}") = "NextApp.Android", "NextApp\NextApp.Android\NextApp.Android.csproj", "{CD6C8981-C1D1-414F-9CD8-ED20BD99BE56}"
EndProject
Global
	GlobalSection(SolutionConfigurationPlatforms) = preSolution
		Debug|Any CPU = Debug|Any CPU
		Release|Any CPU = Release|Any CPU
	EndGlobalSection
	GlobalSection(ProjectConfigurationPlatforms) = postSolution
		{88F2A2D2-A255-4A8F-BE4E-9ED6D1F47F0F}.Debug|Any CPU.ActiveCfg = Debug|Any CPU
		{88F2A2D2-A255-4A8F-BE4E-9ED6D1F47F0F}.Debug|Any CPU.Build.0 = Debug|Any CPU
		{88F2A2D2-A255-4A8F-BE4E-9ED6D1F47F0F}.Release|Any CPU.ActiveCfg = Release|Any CPU
		{88F2A2D2-A255-4A8F-BE4E-9ED6D1F47F0F}.Release|Any CPU.Build.0 = Release|Any CPU
		{CD6C8981-C1D1-414F-9CD8-ED20BD99BE56}.Debug|Any CPU.ActiveCfg = Debug|Any CPU
		{CD6C8981-C1D1-414F-9CD8-ED20BD99BE56}.Debug|Any CPU.Build.0 = Debug|Any CPU
		{CD6C8981-C1D1-414F-9CD8-ED20BD99BE56}.Debug|Any CPU.Deploy.0 = Debug|Any CPU
		{CD6C8981-C1D1-414F-9CD8-ED20BD99BE56}.Release|Any CPU.ActiveCfg = Release|Any CPU
		{CD6C8981-C1D1-414F-9CD8-ED20BD99BE56}.Release|Any CPU.Build.0 = Release|Any CPU
		{CD6C8981-C1D1-414F-9CD8-ED20BD99BE56}.Release|Any CPU.Deploy.0 = Release|Any CPU
	EndGlobalSection
	GlobalSection(SolutionProperties) = preSolution
		HideSolutionNode = FALSE
	EndGlobalSection
	GlobalSection(ExtensibilityGlobals) = postSolution
		SolutionGuid = {0D99CE20-18EF-436D-BC83-CADA96AEC89B}
	EndGlobalSection
EndGlobal
